
Microsoft Visual Studio Solution File, Format Version 12.00
# Visual Studio 15
VisualStudioVersion = 15.0.26124.0
MinimumVisualStudioVersion = 15.0.26124.0
Project("{FAE04EC0-301F-11D3-BF4B-00C04F79EFBC}") = "HaHome.App.Persistence", "HaHome.App.Persistence\HaHome.App.Persistence.csproj", "{3324E62E-E115-432E-AA32-86338EBE11F5}"
EndProject
Project("{FAE04EC0-301F-11D3-BF4B-00C04F79EFBC}") = "HaHome.App.Services", "HaHome.App.Services\HaHome.App.Services.csproj", "{85A08F08-6224-40E5-A9C4-217F02AF6B23}"
EndProject
Project("{FAE04EC0-301F-11D3-BF4B-00C04F79EFBC}") = "HaHome.App.Domain", "HaHome.App.Domain\HaHome.App.Domain.csproj", "{3CF20363-2E51-4685-AA87-8815EF39CEFF}"
EndProject
Project("{FAE04EC0-301F-11D3-BF4B-00C04F79EFBC}") = "HaHome.App.ConsoleApp", "HaHome.App.ConsoleApp\HaHome.App.ConsoleApp.csproj", "{5881CFF6-90A8-4E77-8559-1BAE726FFDFA}"
EndProject
Project("{FAE04EC0-301F-11D3-BF4B-00C04F79EFBC}") = "HaHome.App.Frontend", "HaHome.App.Frontend\HaHome.App.Frontend.csproj", "{EB52CA12-605D-4557-AFCA-3CDEF186AF64}"
EndProject
Global
	GlobalSection(SolutionConfigurationPlatforms) = preSolution
		Debug|Any CPU = Debug|Any CPU
		Debug|x64 = Debug|x64
		Debug|x86 = Debug|x86
		Release|Any CPU = Release|Any CPU
		Release|x64 = Release|x64
		Release|x86 = Release|x86
	EndGlobalSection
	GlobalSection(SolutionProperties) = preSolution
		HideSolutionNode = FALSE
	EndGlobalSection
	GlobalSection(ProjectConfigurationPlatforms) = postSolution
		{3324E62E-E115-432E-AA32-86338EBE11F5}.Debug|Any CPU.ActiveCfg = Debug|Any CPU
		{3324E62E-E115-432E-AA32-86338EBE11F5}.Debug|Any CPU.Build.0 = Debug|Any CPU
		{3324E62E-E115-432E-AA32-86338EBE11F5}.Debug|x64.ActiveCfg = Debug|Any CPU
		{3324E62E-E115-432E-AA32-86338EBE11F5}.Debug|x64.Build.0 = Debug|Any CPU
		{3324E62E-E115-432E-AA32-86338EBE11F5}.Debug|x86.ActiveCfg = Debug|Any CPU
		{3324E62E-E115-432E-AA32-86338EBE11F5}.Debug|x86.Build.0 = Debug|Any CPU
		{3324E62E-E115-432E-AA32-86338EBE11F5}.Release|Any CPU.ActiveCfg = Release|Any CPU
		{3324E62E-E115-432E-AA32-86338EBE11F5}.Release|Any CPU.Build.0 = Release|Any CPU
		{3324E62E-E115-432E-AA32-86338EBE11F5}.Release|x64.ActiveCfg = Release|Any CPU
		{3324E62E-E115-432E-AA32-86338EBE11F5}.Release|x64.Build.0 = Release|Any CPU
		{3324E62E-E115-432E-AA32-86338EBE11F5}.Release|x86.ActiveCfg = Release|Any CPU
		{3324E62E-E115-432E-AA32-86338EBE11F5}.Release|x86.Build.0 = Release|Any CPU
		{85A08F08-6224-40E5-A9C4-217F02AF6B23}.Debug|Any CPU.ActiveCfg = Debug|Any CPU
		{85A08F08-6224-40E5-A9C4-217F02AF6B23}.Debug|Any CPU.Build.0 = Debug|Any CPU
		{85A08F08-6224-40E5-A9C4-217F02AF6B23}.Debug|x64.ActiveCfg = Debug|Any CPU
		{85A08F08-6224-40E5-A9C4-217F02AF6B23}.Debug|x64.Build.0 = Debug|Any CPU
		{85A08F08-6224-40E5-A9C4-217F02AF6B23}.Debug|x86.ActiveCfg = Debug|Any CPU
		{85A08F08-6224-40E5-A9C4-217F02AF6B23}.Debug|x86.Build.0 = Debug|Any CPU
		{85A08F08-6224-40E5-A9C4-217F02AF6B23}.Release|Any CPU.ActiveCfg = Release|Any CPU
		{85A08F08-6224-40E5-A9C4-217F02AF6B23}.Release|Any CPU.Build.0 = Release|Any CPU
		{85A08F08-6224-40E5-A9C4-217F02AF6B23}.Release|x64.ActiveCfg = Release|Any CPU
		{85A08F08-6224-40E5-A9C4-217F02AF6B23}.Release|x64.Build.0 = Release|Any CPU
		{85A08F08-6224-40E5-A9C4-217F02AF6B23}.Release|x86.ActiveCfg = Release|Any CPU
		{85A08F08-6224-40E5-A9C4-217F02AF6B23}.Release|x86.Build.0 = Release|Any CPU
		{3CF20363-2E51-4685-AA87-8815EF39CEFF}.Debug|Any CPU.ActiveCfg = Debug|Any CPU
		{3CF20363-2E51-4685-AA87-8815EF39CEFF}.Debug|Any CPU.Build.0 = Debug|Any CPU
		{3CF20363-2E51-4685-AA87-8815EF39CEFF}.Debug|x64.ActiveCfg = Debug|Any CPU
		{3CF20363-2E51-4685-AA87-8815EF39CEFF}.Debug|x64.Build.0 = Debug|Any CPU
		{3CF20363-2E51-4685-AA87-8815EF39CEFF}.Debug|x86.ActiveCfg = Debug|Any CPU
		{3CF20363-2E51-4685-AA87-8815EF39CEFF}.Debug|x86.Build.0 = Debug|Any CPU
		{3CF20363-2E51-4685-AA87-8815EF39CEFF}.Release|Any CPU.ActiveCfg = Release|Any CPU
		{3CF20363-2E51-4685-AA87-8815EF39CEFF}.Release|Any CPU.Build.0 = Release|Any CPU
		{3CF20363-2E51-4685-AA87-8815EF39CEFF}.Release|x64.ActiveCfg = Release|Any CPU
		{3CF20363-2E51-4685-AA87-8815EF39CEFF}.Release|x64.Build.0 = Release|Any CPU
		{3CF20363-2E51-4685-AA87-8815EF39CEFF}.Release|x86.ActiveCfg = Release|Any CPU
		{3CF20363-2E51-4685-AA87-8815EF39CEFF}.Release|x86.Build.0 = Release|Any CPU
		{3F90B714-0234-4DA4-91C6-327964A68701}.Debug|Any CPU.ActiveCfg = Debug|Any CPU
		{3F90B714-0234-4DA4-91C6-327964A68701}.Debug|Any CPU.Build.0 = Debug|Any CPU
		{3F90B714-0234-4DA4-91C6-327964A68701}.Debug|x64.ActiveCfg = Debug|Any CPU
		{3F90B714-0234-4DA4-91C6-327964A68701}.Debug|x64.Build.0 = Debug|Any CPU
		{3F90B714-0234-4DA4-91C6-327964A68701}.Debug|x86.ActiveCfg = Debug|Any CPU
		{3F90B714-0234-4DA4-91C6-327964A68701}.Debug|x86.Build.0 = Debug|Any CPU
		{3F90B714-0234-4DA4-91C6-327964A68701}.Release|Any CPU.ActiveCfg = Release|Any CPU
		{3F90B714-0234-4DA4-91C6-327964A68701}.Release|Any CPU.Build.0 = Release|Any CPU
		{3F90B714-0234-4DA4-91C6-327964A68701}.Release|x64.ActiveCfg = Release|Any CPU
		{3F90B714-0234-4DA4-91C6-327964A68701}.Release|x64.Build.0 = Release|Any CPU
		{3F90B714-0234-4DA4-91C6-327964A68701}.Release|x86.ActiveCfg = Release|Any CPU
		{3F90B714-0234-4DA4-91C6-327964A68701}.Release|x86.Build.0 = Release|Any CPU
		{5881CFF6-90A8-4E77-8559-1BAE726FFDFA}.Debug|Any CPU.ActiveCfg = Debug|Any CPU
		{5881CFF6-90A8-4E77-8559-1BAE726FFDFA}.Debug|Any CPU.Build.0 = Debug|Any CPU
		{5881CFF6-90A8-4E77-8559-1BAE726FFDFA}.Debug|x64.ActiveCfg = Debug|Any CPU
		{5881CFF6-90A8-4E77-8559-1BAE726FFDFA}.Debug|x64.Build.0 = Debug|Any CPU
		{5881CFF6-90A8-4E77-8559-1BAE726FFDFA}.Debug|x86.ActiveCfg = Debug|Any CPU
		{5881CFF6-90A8-4E77-8559-1BAE726FFDFA}.Debug|x86.Build.0 = Debug|Any CPU
		{5881CFF6-90A8-4E77-8559-1BAE726FFDFA}.Release|Any CPU.ActiveCfg = Release|Any CPU
		{5881CFF6-90A8-4E77-8559-1BAE726FFDFA}.Release|Any CPU.Build.0 = Release|Any CPU
		{5881CFF6-90A8-4E77-8559-1BAE726FFDFA}.Release|x64.ActiveCfg = Release|Any CPU
		{5881CFF6-90A8-4E77-8559-1BAE726FFDFA}.Release|x64.Build.0 = Release|Any CPU
		{5881CFF6-90A8-4E77-8559-1BAE726FFDFA}.Release|x86.ActiveCfg = Release|Any CPU
		{5881CFF6-90A8-4E77-8559-1BAE726FFDFA}.Release|x86.Build.0 = Release|Any CPU
		{EB52CA12-605D-4557-AFCA-3CDEF186AF64}.Debug|Any CPU.ActiveCfg = Debug|Any CPU
		{EB52CA12-605D-4557-AFCA-3CDEF186AF64}.Debug|Any CPU.Build.0 = Debug|Any CPU
		{EB52CA12-605D-4557-AFCA-3CDEF186AF64}.Debug|x64.ActiveCfg = Debug|Any CPU
		{EB52CA12-605D-4557-AFCA-3CDEF186AF64}.Debug|x64.Build.0 = Debug|Any CPU
		{EB52CA12-605D-4557-AFCA-3CDEF186AF64}.Debug|x86.ActiveCfg = Debug|Any CPU
		{EB52CA12-605D-4557-AFCA-3CDEF186AF64}.Debug|x86.Build.0 = Debug|Any CPU
		{EB52CA12-605D-4557-AFCA-3CDEF186AF64}.Release|Any CPU.ActiveCfg = Release|Any CPU
		{EB52CA12-605D-4557-AFCA-3CDEF186AF64}.Release|Any CPU.Build.0 = Release|Any CPU
		{EB52CA12-605D-4557-AFCA-3CDEF186AF64}.Release|x64.ActiveCfg = Release|Any CPU
		{EB52CA12-605D-4557-AFCA-3CDEF186AF64}.Release|x64.Build.0 = Release|Any CPU
		{EB52CA12-605D-4557-AFCA-3CDEF186AF64}.Release|x86.ActiveCfg = Release|Any CPU
		{EB52CA12-605D-4557-AFCA-3CDEF186AF64}.Release|x86.Build.0 = Release|Any CPU
	EndGlobalSection
EndGlobal
